// !$*UTF8*$!
{
	archiveVersion = 1;
	classes = {
	};
	objectVersion = 46;
	objects = {

/* Begin PBXBuildFile section */
		D92BB6B119E4AA8E00F31C22 /* AppDelegate.swift in Sources */ = {isa = PBXBuildFile; fileRef = D92BB6B019E4AA8E00F31C22 /* AppDelegate.swift */; };
		D92BB6B319E4AA8E00F31C22 /* ViewController.swift in Sources */ = {isa = PBXBuildFile; fileRef = D92BB6B219E4AA8E00F31C22 /* ViewController.swift */; };
		D92BB6B619E4AA8E00F31C22 /* Main.storyboard in Resources */ = {isa = PBXBuildFile; fileRef = D92BB6B419E4AA8E00F31C22 /* Main.storyboard */; };
		D92BB6B819E4AA8E00F31C22 /* Images.xcassets in Resources */ = {isa = PBXBuildFile; fileRef = D92BB6B719E4AA8E00F31C22 /* Images.xcassets */; };
		D92BB6BB19E4AA8E00F31C22 /* LaunchScreen.xib in Resources */ = {isa = PBXBuildFile; fileRef = D92BB6B919E4AA8E00F31C22 /* LaunchScreen.xib */; };
		D92BB6C719E4AA8E00F31C22 /* BlackJackRevisionTests.swift in Sources */ = {isa = PBXBuildFile; fileRef = D92BB6C619E4AA8E00F31C22 /* BlackJackRevisionTests.swift */; };
		D92BB6D119E4AB2F00F31C22 /* Shoe.swift in Sources */ = {isa = PBXBuildFile; fileRef = D92BB6D019E4AB2F00F31C22 /* Shoe.swift */; };
		D92BB6D319E4AB3E00F31C22 /* Deck.swift in Sources */ = {isa = PBXBuildFile; fileRef = D92BB6D219E4AB3E00F31C22 /* Deck.swift */; };
		D92BB6D919E4AB8900F31C22 /* Card.swift in Sources */ = {isa = PBXBuildFile; fileRef = D92BB6D819E4AB8900F31C22 /* Card.swift */; };
		D92BB6DB19E4ABCA00F31C22 /* Person.swift in Sources */ = {isa = PBXBuildFile; fileRef = D92BB6DA19E4ABCA00F31C22 /* Person.swift */; };
		D92BB6DD19E4ABD500F31C22 /* Player.swift in Sources */ = {isa = PBXBuildFile; fileRef = D92BB6DC19E4ABD500F31C22 /* Player.swift */; };
		D92BB6DF19E4ABE200F31C22 /* Dealer.swift in Sources */ = {isa = PBXBuildFile; fileRef = D92BB6DE19E4ABE200F31C22 /* Dealer.swift */; };
		D9309EE31A0053AE006CED6F /* Game.swift in Sources */ = {isa = PBXBuildFile; fileRef = D9309EE21A0053AE006CED6F /* Game.swift */; };
		D97B678719E4B70B00A9E176 /* b1fh.png in Resources */ = {isa = PBXBuildFile; fileRef = D97B674319E4B70B00A9E176 /* b1fh.png */; };
		D97B678819E4B70B00A9E176 /* b1fv.png in Resources */ = {isa = PBXBuildFile; fileRef = D97B674419E4B70B00A9E176 /* b1fv.png */; };
		D97B678919E4B70B00A9E176 /* b1pb.png in Resources */ = {isa = PBXBuildFile; fileRef = D97B674519E4B70B00A9E176 /* b1pb.png */; };
		D97B678A19E4B70B00A9E176 /* b1pl.png in Resources */ = {isa = PBXBuildFile; fileRef = D97B674619E4B70B00A9E176 /* b1pl.png */; };
		D97B678B19E4B70B00A9E176 /* b1pr.png in Resources */ = {isa = PBXBuildFile; fileRef = D97B674719E4B70B00A9E176 /* b1pr.png */; };
		D97B678C19E4B70B00A9E176 /* b1pt.png in Resources */ = {isa = PBXBuildFile; fileRef = D97B674819E4B70B00A9E176 /* b1pt.png */; };
		D97B678D19E4B70B00A9E176 /* b2fh.png in Resources */ = {isa = PBXBuildFile; fileRef = D97B674919E4B70B00A9E176 /* b2fh.png */; };
		D97B678E19E4B70B00A9E176 /* b2fv.png in Resources */ = {isa = PBXBuildFile; fileRef = D97B674A19E4B70B00A9E176 /* b2fv.png */; };
		D97B678F19E4B70B00A9E176 /* b2pb.png in Resources */ = {isa = PBXBuildFile; fileRef = D97B674B19E4B70B00A9E176 /* b2pb.png */; };
		D97B679019E4B70B00A9E176 /* b2pl.png in Resources */ = {isa = PBXBuildFile; fileRef = D97B674C19E4B70B00A9E176 /* b2pl.png */; };
		D97B679119E4B70B00A9E176 /* b2pr.png in Resources */ = {isa = PBXBuildFile; fileRef = D97B674D19E4B70B00A9E176 /* b2pr.png */; };
		D97B679219E4B70B00A9E176 /* b2pt.png in Resources */ = {isa = PBXBuildFile; fileRef = D97B674E19E4B70B00A9E176 /* b2pt.png */; };
		D97B679319E4B70B00A9E176 /* c1.png in Resources */ = {isa = PBXBuildFile; fileRef = D97B674F19E4B70B00A9E176 /* c1.png */; };
		D97B679419E4B70B00A9E176 /* c10.png in Resources */ = {isa = PBXBuildFile; fileRef = D97B675019E4B70B00A9E176 /* c10.png */; };
		D97B679519E4B70B00A9E176 /* c2.png in Resources */ = {isa = PBXBuildFile; fileRef = D97B675119E4B70B00A9E176 /* c2.png */; };
		D97B679619E4B70B00A9E176 /* c3.png in Resources */ = {isa = PBXBuildFile; fileRef = D97B675219E4B70B00A9E176 /* c3.png */; };
		D97B679719E4B70B00A9E176 /* c4.png in Resources */ = {isa = PBXBuildFile; fileRef = D97B675319E4B70B00A9E176 /* c4.png */; };
		D97B679819E4B70B00A9E176 /* c5.png in Resources */ = {isa = PBXBuildFile; fileRef = D97B675419E4B70B00A9E176 /* c5.png */; };
		D97B679919E4B70B00A9E176 /* c6.png in Resources */ = {isa = PBXBuildFile; fileRef = D97B675519E4B70B00A9E176 /* c6.png */; };
		D97B679A19E4B70B00A9E176 /* c7.png in Resources */ = {isa = PBXBuildFile; fileRef = D97B675619E4B70B00A9E176 /* c7.png */; };
		D97B679B19E4B70B00A9E176 /* c8.png in Resources */ = {isa = PBXBuildFile; fileRef = D97B675719E4B70B00A9E176 /* c8.png */; };
		D97B679C19E4B70B00A9E176 /* c9.png in Resources */ = {isa = PBXBuildFile; fileRef = D97B675819E4B70B00A9E176 /* c9.png */; };
		D97B679D19E4B70B00A9E176 /* cj.png in Resources */ = {isa = PBXBuildFile; fileRef = D97B675919E4B70B00A9E176 /* cj.png */; };
		D97B679E19E4B70B00A9E176 /* ck.png in Resources */ = {isa = PBXBuildFile; fileRef = D97B675A19E4B70B00A9E176 /* ck.png */; };
		D97B679F19E4B70B00A9E176 /* cq.png in Resources */ = {isa = PBXBuildFile; fileRef = D97B675B19E4B70B00A9E176 /* cq.png */; };
		D97B67A019E4B70B00A9E176 /* d1.png in Resources */ = {isa = PBXBuildFile; fileRef = D97B675C19E4B70B00A9E176 /* d1.png */; };
		D97B67A119E4B70B00A9E176 /* d10.png in Resources */ = {isa = PBXBuildFile; fileRef = D97B675D19E4B70B00A9E176 /* d10.png */; };
		D97B67A219E4B70B00A9E176 /* d2.png in Resources */ = {isa = PBXBuildFile; fileRef = D97B675E19E4B70B00A9E176 /* d2.png */; };
		D97B67A319E4B70B00A9E176 /* d3.png in Resources */ = {isa = PBXBuildFile; fileRef = D97B675F19E4B70B00A9E176 /* d3.png */; };
		D97B67A419E4B70B00A9E176 /* d4.png in Resources */ = {isa = PBXBuildFile; fileRef = D97B676019E4B70B00A9E176 /* d4.png */; };
		D97B67A519E4B70B00A9E176 /* d5.png in Resources */ = {isa = PBXBuildFile; fileRef = D97B676119E4B70B00A9E176 /* d5.png */; };
		D97B67A619E4B70B00A9E176 /* d6.png in Resources */ = {isa = PBXBuildFile; fileRef = D97B676219E4B70B00A9E176 /* d6.png */; };
		D97B67A719E4B70B00A9E176 /* d7.png in Resources */ = {isa = PBXBuildFile; fileRef = D97B676319E4B70B00A9E176 /* d7.png */; };
		D97B67A819E4B70B00A9E176 /* d8.png in Resources */ = {isa = PBXBuildFile; fileRef = D97B676419E4B70B00A9E176 /* d8.png */; };
		D97B67A919E4B70B00A9E176 /* d9.png in Resources */ = {isa = PBXBuildFile; fileRef = D97B676519E4B70B00A9E176 /* d9.png */; };
		D97B67AA19E4B70B00A9E176 /* dj.png in Resources */ = {isa = PBXBuildFile; fileRef = D97B676619E4B70B00A9E176 /* dj.png */; };
		D97B67AB19E4B70B00A9E176 /* dk.png in Resources */ = {isa = PBXBuildFile; fileRef = D97B676719E4B70B00A9E176 /* dk.png */; };
		D97B67AC19E4B70B00A9E176 /* dq.png in Resources */ = {isa = PBXBuildFile; fileRef = D97B676819E4B70B00A9E176 /* dq.png */; };
		D97B67AD19E4B70B00A9E176 /* ec.png in Resources */ = {isa = PBXBuildFile; fileRef = D97B676919E4B70B00A9E176 /* ec.png */; };
		D97B67AE19E4B70B00A9E176 /* h1.png in Resources */ = {isa = PBXBuildFile; fileRef = D97B676A19E4B70B00A9E176 /* h1.png */; };
		D97B67AF19E4B70B00A9E176 /* h10.png in Resources */ = {isa = PBXBuildFile; fileRef = D97B676B19E4B70B00A9E176 /* h10.png */; };
		D97B67B019E4B70B00A9E176 /* h2.png in Resources */ = {isa = PBXBuildFile; fileRef = D97B676C19E4B70B00A9E176 /* h2.png */; };
		D97B67B119E4B70B00A9E176 /* h3.png in Resources */ = {isa = PBXBuildFile; fileRef = D97B676D19E4B70B00A9E176 /* h3.png */; };
		D97B67B219E4B70B00A9E176 /* h4.png in Resources */ = {isa = PBXBuildFile; fileRef = D97B676E19E4B70B00A9E176 /* h4.png */; };
		D97B67B319E4B70B00A9E176 /* h5.png in Resources */ = {isa = PBXBuildFile; fileRef = D97B676F19E4B70B00A9E176 /* h5.png */; };
		D97B67B419E4B70B00A9E176 /* h6.png in Resources */ = {isa = PBXBuildFile; fileRef = D97B677019E4B70B00A9E176 /* h6.png */; };
		D97B67B519E4B70B00A9E176 /* h7.png in Resources */ = {isa = PBXBuildFile; fileRef = D97B677119E4B70B00A9E176 /* h7.png */; };
		D97B67B619E4B70B00A9E176 /* h8.png in Resources */ = {isa = PBXBuildFile; fileRef = D97B677219E4B70B00A9E176 /* h8.png */; };
		D97B67B719E4B70B00A9E176 /* h9.png in Resources */ = {isa = PBXBuildFile; fileRef = D97B677319E4B70B00A9E176 /* h9.png */; };
		D97B67B819E4B70B00A9E176 /* hj.png in Resources */ = {isa = PBXBuildFile; fileRef = D97B677419E4B70B00A9E176 /* hj.png */; };
		D97B67B919E4B70B00A9E176 /* hk.png in Resources */ = {isa = PBXBuildFile; fileRef = D97B677519E4B70B00A9E176 /* hk.png */; };
		D97B67BA19E4B70B00A9E176 /* hq.png in Resources */ = {isa = PBXBuildFile; fileRef = D97B677619E4B70B00A9E176 /* hq.png */; };
		D97B67BB19E4B70B00A9E176 /* index.html in Resources */ = {isa = PBXBuildFile; fileRef = D97B677719E4B70B00A9E176 /* index.html */; };
		D97B67BC19E4B70B00A9E176 /* jb.png in Resources */ = {isa = PBXBuildFile; fileRef = D97B677819E4B70B00A9E176 /* jb.png */; };
		D97B67BD19E4B70B00A9E176 /* jr.png in Resources */ = {isa = PBXBuildFile; fileRef = D97B677919E4B70B00A9E176 /* jr.png */; };
		D97B67BE19E4B70B00A9E176 /* s1.png in Resources */ = {isa = PBXBuildFile; fileRef = D97B677A19E4B70B00A9E176 /* s1.png */; };
		D97B67BF19E4B70B00A9E176 /* s10.png in Resources */ = {isa = PBXBuildFile; fileRef = D97B677B19E4B70B00A9E176 /* s10.png */; };
		D97B67C019E4B70B00A9E176 /* s2.png in Resources */ = {isa = PBXBuildFile; fileRef = D97B677C19E4B70B00A9E176 /* s2.png */; };
		D97B67C119E4B70B00A9E176 /* s3.png in Resources */ = {isa = PBXBuildFile; fileRef = D97B677D19E4B70B00A9E176 /* s3.png */; };
		D97B67C219E4B70B00A9E176 /* s4.png in Resources */ = {isa = PBXBuildFile; fileRef = D97B677E19E4B70B00A9E176 /* s4.png */; };
		D97B67C319E4B70B00A9E176 /* s5.png in Resources */ = {isa = PBXBuildFile; fileRef = D97B677F19E4B70B00A9E176 /* s5.png */; };
		D97B67C419E4B70B00A9E176 /* s6.png in Resources */ = {isa = PBXBuildFile; fileRef = D97B678019E4B70B00A9E176 /* s6.png */; };
		D97B67C519E4B70B00A9E176 /* s7.png in Resources */ = {isa = PBXBuildFile; fileRef = D97B678119E4B70B00A9E176 /* s7.png */; };
		D97B67C619E4B70B00A9E176 /* s8.png in Resources */ = {isa = PBXBuildFile; fileRef = D97B678219E4B70B00A9E176 /* s8.png */; };
		D97B67C719E4B70B00A9E176 /* s9.png in Resources */ = {isa = PBXBuildFile; fileRef = D97B678319E4B70B00A9E176 /* s9.png */; };
		D97B67C819E4B70B00A9E176 /* sj.png in Resources */ = {isa = PBXBuildFile; fileRef = D97B678419E4B70B00A9E176 /* sj.png */; };
		D97B67C919E4B70B00A9E176 /* sk.png in Resources */ = {isa = PBXBuildFile; fileRef = D97B678519E4B70B00A9E176 /* sk.png */; };
		D97B67CA19E4B70B00A9E176 /* sq.png in Resources */ = {isa = PBXBuildFile; fileRef = D97B678619E4B70B00A9E176 /* sq.png */; };
/* End PBXBuildFile section */

/* Begin PBXContainerItemProxy section */
		D92BB6C119E4AA8E00F31C22 /* PBXContainerItemProxy */ = {
			isa = PBXContainerItemProxy;
			containerPortal = D92BB6A319E4AA8E00F31C22 /* Project object */;
			proxyType = 1;
			remoteGlobalIDString = D92BB6AA19E4AA8E00F31C22;
			remoteInfo = BlackJackRevision;
		};
/* End PBXContainerItemProxy section */

/* Begin PBXFileReference section */
		D92BB6AB19E4AA8E00F31C22 /* BlackJackRevision.app */ = {isa = PBXFileReference; explicitFileType = wrapper.application; includeInIndex = 0; path = BlackJackRevision.app; sourceTree = BUILT_PRODUCTS_DIR; };
		D92BB6AF19E4AA8E00F31C22 /* Info.plist */ = {isa = PBXFileReference; lastKnownFileType = text.plist.xml; path = Info.plist; sourceTree = "<group>"; };
		D92BB6B019E4AA8E00F31C22 /* AppDelegate.swift */ = {isa = PBXFileReference; lastKnownFileType = sourcecode.swift; path = AppDelegate.swift; sourceTree = "<group>"; };
		D92BB6B219E4AA8E00F31C22 /* ViewController.swift */ = {isa = PBXFileReference; lastKnownFileType = sourcecode.swift; path = ViewController.swift; sourceTree = "<group>"; };
		D92BB6B519E4AA8E00F31C22 /* Base */ = {isa = PBXFileReference; lastKnownFileType = file.storyboard; name = Base; path = Base.lproj/Main.storyboard; sourceTree = "<group>"; };
		D92BB6B719E4AA8E00F31C22 /* Images.xcassets */ = {isa = PBXFileReference; lastKnownFileType = folder.assetcatalog; path = Images.xcassets; sourceTree = "<group>"; };
		D92BB6BA19E4AA8E00F31C22 /* Base */ = {isa = PBXFileReference; lastKnownFileType = file.xib; name = Base; path = Base.lproj/LaunchScreen.xib; sourceTree = "<group>"; };
		D92BB6C019E4AA8E00F31C22 /* BlackJackRevisionTests.xctest */ = {isa = PBXFileReference; explicitFileType = wrapper.cfbundle; includeInIndex = 0; path = BlackJackRevisionTests.xctest; sourceTree = BUILT_PRODUCTS_DIR; };
		D92BB6C519E4AA8E00F31C22 /* Info.plist */ = {isa = PBXFileReference; lastKnownFileType = text.plist.xml; path = Info.plist; sourceTree = "<group>"; };
		D92BB6C619E4AA8E00F31C22 /* BlackJackRevisionTests.swift */ = {isa = PBXFileReference; lastKnownFileType = sourcecode.swift; path = BlackJackRevisionTests.swift; sourceTree = "<group>"; };
		D92BB6D019E4AB2F00F31C22 /* Shoe.swift */ = {isa = PBXFileReference; fileEncoding = 4; lastKnownFileType = sourcecode.swift; path = Shoe.swift; sourceTree = "<group>"; };
		D92BB6D219E4AB3E00F31C22 /* Deck.swift */ = {isa = PBXFileReference; fileEncoding = 4; lastKnownFileType = sourcecode.swift; path = Deck.swift; sourceTree = "<group>"; };
		D92BB6D819E4AB8900F31C22 /* Card.swift */ = {isa = PBXFileReference; fileEncoding = 4; lastKnownFileType = sourcecode.swift; path = Card.swift; sourceTree = "<group>"; };
		D92BB6DA19E4ABCA00F31C22 /* Person.swift */ = {isa = PBXFileReference; fileEncoding = 4; lastKnownFileType = sourcecode.swift; path = Person.swift; sourceTree = "<group>"; };
		D92BB6DC19E4ABD500F31C22 /* Player.swift */ = {isa = PBXFileReference; fileEncoding = 4; lastKnownFileType = sourcecode.swift; path = Player.swift; sourceTree = "<group>"; };
		D92BB6DE19E4ABE200F31C22 /* Dealer.swift */ = {isa = PBXFileReference; fileEncoding = 4; lastKnownFileType = sourcecode.swift; path = Dealer.swift; sourceTree = "<group>"; };
		D9309EE21A0053AE006CED6F /* Game.swift */ = {isa = PBXFileReference; fileEncoding = 4; lastKnownFileType = sourcecode.swift; path = Game.swift; sourceTree = "<group>"; };
		D97B674319E4B70B00A9E176 /* b1fh.png */ = {isa = PBXFileReference; lastKnownFileType = image.png; path = b1fh.png; sourceTree = "<group>"; };
		D97B674419E4B70B00A9E176 /* b1fv.png */ = {isa = PBXFileReference; lastKnownFileType = image.png; path = b1fv.png; sourceTree = "<group>"; };
		D97B674519E4B70B00A9E176 /* b1pb.png */ = {isa = PBXFileReference; lastKnownFileType = image.png; path = b1pb.png; sourceTree = "<group>"; };
		D97B674619E4B70B00A9E176 /* b1pl.png */ = {isa = PBXFileReference; lastKnownFileType = image.png; path = b1pl.png; sourceTree = "<group>"; };
		D97B674719E4B70B00A9E176 /* b1pr.png */ = {isa = PBXFileReference; lastKnownFileType = image.png; path = b1pr.png; sourceTree = "<group>"; };
		D97B674819E4B70B00A9E176 /* b1pt.png */ = {isa = PBXFileReference; lastKnownFileType = image.png; path = b1pt.png; sourceTree = "<group>"; };
		D97B674919E4B70B00A9E176 /* b2fh.png */ = {isa = PBXFileReference; lastKnownFileType = image.png; path = b2fh.png; sourceTree = "<group>"; };
		D97B674A19E4B70B00A9E176 /* b2fv.png */ = {isa = PBXFileReference; lastKnownFileType = image.png; path = b2fv.png; sourceTree = "<group>"; };
		D97B674B19E4B70B00A9E176 /* b2pb.png */ = {isa = PBXFileReference; lastKnownFileType = image.png; path = b2pb.png; sourceTree = "<group>"; };
		D97B674C19E4B70B00A9E176 /* b2pl.png */ = {isa = PBXFileReference; lastKnownFileType = image.png; path = b2pl.png; sourceTree = "<group>"; };
		D97B674D19E4B70B00A9E176 /* b2pr.png */ = {isa = PBXFileReference; lastKnownFileType = image.png; path = b2pr.png; sourceTree = "<group>"; };
		D97B674E19E4B70B00A9E176 /* b2pt.png */ = {isa = PBXFileReference; lastKnownFileType = image.png; path = b2pt.png; sourceTree = "<group>"; };
		D97B674F19E4B70B00A9E176 /* c1.png */ = {isa = PBXFileReference; lastKnownFileType = image.png; path = c1.png; sourceTree = "<group>"; };
		D97B675019E4B70B00A9E176 /* c10.png */ = {isa = PBXFileReference; lastKnownFileType = image.png; path = c10.png; sourceTree = "<group>"; };
		D97B675119E4B70B00A9E176 /* c2.png */ = {isa = PBXFileReference; lastKnownFileType = image.png; path = c2.png; sourceTree = "<group>"; };
		D97B675219E4B70B00A9E176 /* c3.png */ = {isa = PBXFileReference; lastKnownFileType = image.png; path = c3.png; sourceTree = "<group>"; };
		D97B675319E4B70B00A9E176 /* c4.png */ = {isa = PBXFileReference; lastKnownFileType = image.png; path = c4.png; sourceTree = "<group>"; };
		D97B675419E4B70B00A9E176 /* c5.png */ = {isa = PBXFileReference; lastKnownFileType = image.png; path = c5.png; sourceTree = "<group>"; };
		D97B675519E4B70B00A9E176 /* c6.png */ = {isa = PBXFileReference; lastKnownFileType = image.png; path = c6.png; sourceTree = "<group>"; };
		D97B675619E4B70B00A9E176 /* c7.png */ = {isa = PBXFileReference; lastKnownFileType = image.png; path = c7.png; sourceTree = "<group>"; };
		D97B675719E4B70B00A9E176 /* c8.png */ = {isa = PBXFileReference; lastKnownFileType = image.png; path = c8.png; sourceTree = "<group>"; };
		D97B675819E4B70B00A9E176 /* c9.png */ = {isa = PBXFileReference; lastKnownFileType = image.png; path = c9.png; sourceTree = "<group>"; };
		D97B675919E4B70B00A9E176 /* cj.png */ = {isa = PBXFileReference; lastKnownFileType = image.png; path = cj.png; sourceTree = "<group>"; };
		D97B675A19E4B70B00A9E176 /* ck.png */ = {isa = PBXFileReference; lastKnownFileType = image.png; path = ck.png; sourceTree = "<group>"; };
		D97B675B19E4B70B00A9E176 /* cq.png */ = {isa = PBXFileReference; lastKnownFileType = image.png; path = cq.png; sourceTree = "<group>"; };
		D97B675C19E4B70B00A9E176 /* d1.png */ = {isa = PBXFileReference; lastKnownFileType = image.png; path = d1.png; sourceTree = "<group>"; };
		D97B675D19E4B70B00A9E176 /* d10.png */ = {isa = PBXFileReference; lastKnownFileType = image.png; path = d10.png; sourceTree = "<group>"; };
		D97B675E19E4B70B00A9E176 /* d2.png */ = {isa = PBXFileReference; lastKnownFileType = image.png; path = d2.png; sourceTree = "<group>"; };
		D97B675F19E4B70B00A9E176 /* d3.png */ = {isa = PBXFileReference; lastKnownFileType = image.png; path = d3.png; sourceTree = "<group>"; };
		D97B676019E4B70B00A9E176 /* d4.png */ = {isa = PBXFileReference; lastKnownFileType = image.png; path = d4.png; sourceTree = "<group>"; };
		D97B676119E4B70B00A9E176 /* d5.png */ = {isa = PBXFileReference; lastKnownFileType = image.png; path = d5.png; sourceTree = "<group>"; };
		D97B676219E4B70B00A9E176 /* d6.png */ = {isa = PBXFileReference; lastKnownFileType = image.png; path = d6.png; sourceTree = "<group>"; };
		D97B676319E4B70B00A9E176 /* d7.png */ = {isa = PBXFileReference; lastKnownFileType = image.png; path = d7.png; sourceTree = "<group>"; };
		D97B676419E4B70B00A9E176 /* d8.png */ = {isa = PBXFileReference; lastKnownFileType = image.png; path = d8.png; sourceTree = "<group>"; };
		D97B676519E4B70B00A9E176 /* d9.png */ = {isa = PBXFileReference; lastKnownFileType = image.png; path = d9.png; sourceTree = "<group>"; };
		D97B676619E4B70B00A9E176 /* dj.png */ = {isa = PBXFileReference; lastKnownFileType = image.png; path = dj.png; sourceTree = "<group>"; };
		D97B676719E4B70B00A9E176 /* dk.png */ = {isa = PBXFileReference; lastKnownFileType = image.png; path = dk.png; sourceTree = "<group>"; };
		D97B676819E4B70B00A9E176 /* dq.png */ = {isa = PBXFileReference; lastKnownFileType = image.png; path = dq.png; sourceTree = "<group>"; };
		D97B676919E4B70B00A9E176 /* ec.png */ = {isa = PBXFileReference; lastKnownFileType = image.png; path = ec.png; sourceTree = "<group>"; };
		D97B676A19E4B70B00A9E176 /* h1.png */ = {isa = PBXFileReference; lastKnownFileType = image.png; path = h1.png; sourceTree = "<group>"; };
		D97B676B19E4B70B00A9E176 /* h10.png */ = {isa = PBXFileReference; lastKnownFileType = image.png; path = h10.png; sourceTree = "<group>"; };
		D97B676C19E4B70B00A9E176 /* h2.png */ = {isa = PBXFileReference; lastKnownFileType = image.png; path = h2.png; sourceTree = "<group>"; };
		D97B676D19E4B70B00A9E176 /* h3.png */ = {isa = PBXFileReference; lastKnownFileType = image.png; path = h3.png; sourceTree = "<group>"; };
		D97B676E19E4B70B00A9E176 /* h4.png */ = {isa = PBXFileReference; lastKnownFileType = image.png; path = h4.png; sourceTree = "<group>"; };
		D97B676F19E4B70B00A9E176 /* h5.png */ = {isa = PBXFileReference; lastKnownFileType = image.png; path = h5.png; sourceTree = "<group>"; };
		D97B677019E4B70B00A9E176 /* h6.png */ = {isa = PBXFileReference; lastKnownFileType = image.png; path = h6.png; sourceTree = "<group>"; };
		D97B677119E4B70B00A9E176 /* h7.png */ = {isa = PBXFileReference; lastKnownFileType = image.png; path = h7.png; sourceTree = "<group>"; };
		D97B677219E4B70B00A9E176 /* h8.png */ = {isa = PBXFileReference; lastKnownFileType = image.png; path = h8.png; sourceTree = "<group>"; };
		D97B677319E4B70B00A9E176 /* h9.png */ = {isa = PBXFileReference; lastKnownFileType = image.png; path = h9.png; sourceTree = "<group>"; };
		D97B677419E4B70B00A9E176 /* hj.png */ = {isa = PBXFileReference; lastKnownFileType = image.png; path = hj.png; sourceTree = "<group>"; };
		D97B677519E4B70B00A9E176 /* hk.png */ = {isa = PBXFileReference; lastKnownFileType = image.png; path = hk.png; sourceTree = "<group>"; };
		D97B677619E4B70B00A9E176 /* hq.png */ = {isa = PBXFileReference; lastKnownFileType = image.png; path = hq.png; sourceTree = "<group>"; };
		D97B677719E4B70B00A9E176 /* index.html */ = {isa = PBXFileReference; fileEncoding = 4; lastKnownFileType = text.html; path = index.html; sourceTree = "<group>"; };
		D97B677819E4B70B00A9E176 /* jb.png */ = {isa = PBXFileReference; lastKnownFileType = image.png; path = jb.png; sourceTree = "<group>"; };
		D97B677919E4B70B00A9E176 /* jr.png */ = {isa = PBXFileReference; lastKnownFileType = image.png; path = jr.png; sourceTree = "<group>"; };
		D97B677A19E4B70B00A9E176 /* s1.png */ = {isa = PBXFileReference; lastKnownFileType = image.png; path = s1.png; sourceTree = "<group>"; };
		D97B677B19E4B70B00A9E176 /* s10.png */ = {isa = PBXFileReference; lastKnownFileType = image.png; path = s10.png; sourceTree = "<group>"; };
		D97B677C19E4B70B00A9E176 /* s2.png */ = {isa = PBXFileReference; lastKnownFileType = image.png; path = s2.png; sourceTree = "<group>"; };
		D97B677D19E4B70B00A9E176 /* s3.png */ = {isa = PBXFileReference; lastKnownFileType = image.png; path = s3.png; sourceTree = "<group>"; };
		D97B677E19E4B70B00A9E176 /* s4.png */ = {isa = PBXFileReference; lastKnownFileType = image.png; path = s4.png; sourceTree = "<group>"; };
		D97B677F19E4B70B00A9E176 /* s5.png */ = {isa = PBXFileReference; lastKnownFileType = image.png; path = s5.png; sourceTree = "<group>"; };
		D97B678019E4B70B00A9E176 /* s6.png */ = {isa = PBXFileReference; lastKnownFileType = image.png; path = s6.png; sourceTree = "<group>"; };
		D97B678119E4B70B00A9E176 /* s7.png */ = {isa = PBXFileReference; lastKnownFileType = image.png; path = s7.png; sourceTree = "<group>"; };
		D97B678219E4B70B00A9E176 /* s8.png */ = {isa = PBXFileReference; lastKnownFileType = image.png; path = s8.png; sourceTree = "<group>"; };
		D97B678319E4B70B00A9E176 /* s9.png */ = {isa = PBXFileReference; lastKnownFileType = image.png; path = s9.png; sourceTree = "<group>"; };
		D97B678419E4B70B00A9E176 /* sj.png */ = {isa = PBXFileReference; lastKnownFileType = image.png; path = sj.png; sourceTree = "<group>"; };
		D97B678519E4B70B00A9E176 /* sk.png */ = {isa = PBXFileReference; lastKnownFileType = image.png; path = sk.png; sourceTree = "<group>"; };
		D97B678619E4B70B00A9E176 /* sq.png */ = {isa = PBXFileReference; lastKnownFileType = image.png; path = sq.png; sourceTree = "<group>"; };
/* End PBXFileReference section */

/* Begin PBXFrameworksBuildPhase section */
		D92BB6A819E4AA8E00F31C22 /* Frameworks */ = {
			isa = PBXFrameworksBuildPhase;
			buildActionMask = 2147483647;
			files = (
			);
			runOnlyForDeploymentPostprocessing = 0;
		};
		D92BB6BD19E4AA8E00F31C22 /* Frameworks */ = {
			isa = PBXFrameworksBuildPhase;
			buildActionMask = 2147483647;
			files = (
			);
			runOnlyForDeploymentPostprocessing = 0;
		};
/* End PBXFrameworksBuildPhase section */

/* Begin PBXGroup section */
		D92BB6A219E4AA8E00F31C22 = {
			isa = PBXGroup;
			children = (
				D92BB6AD19E4AA8E00F31C22 /* BlackJackRevision */,
				D92BB6C319E4AA8E00F31C22 /* BlackJackRevisionTests */,
				D92BB6AC19E4AA8E00F31C22 /* Products */,
			);
			sourceTree = "<group>";
		};
		D92BB6AC19E4AA8E00F31C22 /* Products */ = {
			isa = PBXGroup;
			children = (
				D92BB6AB19E4AA8E00F31C22 /* BlackJackRevision.app */,
				D92BB6C019E4AA8E00F31C22 /* BlackJackRevisionTests.xctest */,
			);
			name = Products;
			sourceTree = "<group>";
		};
		D92BB6AD19E4AA8E00F31C22 /* BlackJackRevision */ = {
			isa = PBXGroup;
			children = (
				D92BB6D019E4AB2F00F31C22 /* Shoe.swift */,
				D92BB6D219E4AB3E00F31C22 /* Deck.swift */,
				D9309EE21A0053AE006CED6F /* Game.swift */,
				D92BB6D819E4AB8900F31C22 /* Card.swift */,
				D92BB6DA19E4ABCA00F31C22 /* Person.swift */,
				D92BB6DC19E4ABD500F31C22 /* Player.swift */,
				D92BB6DE19E4ABE200F31C22 /* Dealer.swift */,
				D92BB6B019E4AA8E00F31C22 /* AppDelegate.swift */,
				D92BB6B219E4AA8E00F31C22 /* ViewController.swift */,
				D92BB6B419E4AA8E00F31C22 /* Main.storyboard */,
				D92BB6B719E4AA8E00F31C22 /* Images.xcassets */,
				D92BB6B919E4AA8E00F31C22 /* LaunchScreen.xib */,
				D92BB6AE19E4AA8E00F31C22 /* Supporting Files */,
			);
			path = BlackJackRevision;
			sourceTree = "<group>";
		};
		D92BB6AE19E4AA8E00F31C22 /* Supporting Files */ = {
			isa = PBXGroup;
			children = (
				D97B674219E4B70B00A9E176 /* cards_png */,
				D92BB6AF19E4AA8E00F31C22 /* Info.plist */,
			);
			name = "Supporting Files";
			sourceTree = "<group>";
		};
		D92BB6C319E4AA8E00F31C22 /* BlackJackRevisionTests */ = {
			isa = PBXGroup;
			children = (
				D92BB6C619E4AA8E00F31C22 /* BlackJackRevisionTests.swift */,
				D92BB6C419E4AA8E00F31C22 /* Supporting Files */,
			);
			path = BlackJackRevisionTests;
			sourceTree = "<group>";
		};
		D92BB6C419E4AA8E00F31C22 /* Supporting Files */ = {
			isa = PBXGroup;
			children = (
				D92BB6C519E4AA8E00F31C22 /* Info.plist */,
			);
			name = "Supporting Files";
			sourceTree = "<group>";
		};
		D97B674219E4B70B00A9E176 /* cards_png */ = {
			isa = PBXGroup;
			children = (
				D97B674319E4B70B00A9E176 /* b1fh.png */,
				D97B674419E4B70B00A9E176 /* b1fv.png */,
				D97B674519E4B70B00A9E176 /* b1pb.png */,
				D97B674619E4B70B00A9E176 /* b1pl.png */,
				D97B674719E4B70B00A9E176 /* b1pr.png */,
				D97B674819E4B70B00A9E176 /* b1pt.png */,
				D97B674919E4B70B00A9E176 /* b2fh.png */,
				D97B674A19E4B70B00A9E176 /* b2fv.png */,
				D97B674B19E4B70B00A9E176 /* b2pb.png */,
				D97B674C19E4B70B00A9E176 /* b2pl.png */,
				D97B674D19E4B70B00A9E176 /* b2pr.png */,
				D97B674E19E4B70B00A9E176 /* b2pt.png */,
				D97B674F19E4B70B00A9E176 /* c1.png */,
				D97B675619E4B70B00A9E176 /* c7.png */,
				D97B675019E4B70B00A9E176 /* c10.png */,
				D97B675119E4B70B00A9E176 /* c2.png */,
				D97B675219E4B70B00A9E176 /* c3.png */,
				D97B675319E4B70B00A9E176 /* c4.png */,
				D97B675419E4B70B00A9E176 /* c5.png */,
				D97B675519E4B70B00A9E176 /* c6.png */,
				D97B675719E4B70B00A9E176 /* c8.png */,
				D97B675819E4B70B00A9E176 /* c9.png */,
				D97B675919E4B70B00A9E176 /* cj.png */,
				D97B675A19E4B70B00A9E176 /* ck.png */,
				D97B675B19E4B70B00A9E176 /* cq.png */,
				D97B675C19E4B70B00A9E176 /* d1.png */,
				D97B675D19E4B70B00A9E176 /* d10.png */,
				D97B675E19E4B70B00A9E176 /* d2.png */,
				D97B675F19E4B70B00A9E176 /* d3.png */,
				D97B676019E4B70B00A9E176 /* d4.png */,
				D97B676119E4B70B00A9E176 /* d5.png */,
				D97B676219E4B70B00A9E176 /* d6.png */,
				D97B676319E4B70B00A9E176 /* d7.png */,
				D97B676419E4B70B00A9E176 /* d8.png */,
				D97B676519E4B70B00A9E176 /* d9.png */,
				D97B676619E4B70B00A9E176 /* dj.png */,
				D97B676719E4B70B00A9E176 /* dk.png */,
				D97B676819E4B70B00A9E176 /* dq.png */,
				D97B676919E4B70B00A9E176 /* ec.png */,
				D97B676A19E4B70B00A9E176 /* h1.png */,
				D97B676B19E4B70B00A9E176 /* h10.png */,
				D97B676C19E4B70B00A9E176 /* h2.png */,
				D97B676D19E4B70B00A9E176 /* h3.png */,
				D97B676E19E4B70B00A9E176 /* h4.png */,
				D97B676F19E4B70B00A9E176 /* h5.png */,
				D97B677019E4B70B00A9E176 /* h6.png */,
				D97B677119E4B70B00A9E176 /* h7.png */,
				D97B677219E4B70B00A9E176 /* h8.png */,
				D97B677319E4B70B00A9E176 /* h9.png */,
				D97B677419E4B70B00A9E176 /* hj.png */,
				D97B677519E4B70B00A9E176 /* hk.png */,
				D97B677619E4B70B00A9E176 /* hq.png */,
				D97B677719E4B70B00A9E176 /* index.html */,
				D97B677819E4B70B00A9E176 /* jb.png */,
				D97B677919E4B70B00A9E176 /* jr.png */,
				D97B677A19E4B70B00A9E176 /* s1.png */,
				D97B677B19E4B70B00A9E176 /* s10.png */,
				D97B677C19E4B70B00A9E176 /* s2.png */,
				D97B677D19E4B70B00A9E176 /* s3.png */,
				D97B677E19E4B70B00A9E176 /* s4.png */,
				D97B677F19E4B70B00A9E176 /* s5.png */,
				D97B678019E4B70B00A9E176 /* s6.png */,
				D97B678119E4B70B00A9E176 /* s7.png */,
				D97B678219E4B70B00A9E176 /* s8.png */,
				D97B678319E4B70B00A9E176 /* s9.png */,
				D97B678419E4B70B00A9E176 /* sj.png */,
				D97B678519E4B70B00A9E176 /* sk.png */,
				D97B678619E4B70B00A9E176 /* sq.png */,
			);
			path = cards_png;
			sourceTree = "<group>";
		};
/* End PBXGroup section */

/* Begin PBXNativeTarget section */
		D92BB6AA19E4AA8E00F31C22 /* BlackJackRevision */ = {
			isa = PBXNativeTarget;
			buildConfigurationList = D92BB6CA19E4AA8E00F31C22 /* Build configuration list for PBXNativeTarget "BlackJackRevision" */;
			buildPhases = (
				D92BB6A719E4AA8E00F31C22 /* Sources */,
				D92BB6A819E4AA8E00F31C22 /* Frameworks */,
				D92BB6A919E4AA8E00F31C22 /* Resources */,
			);
			buildRules = (
			);
			dependencies = (
			);
			name = BlackJackRevision;
			productName = BlackJackRevision;
			productReference = D92BB6AB19E4AA8E00F31C22 /* BlackJackRevision.app */;
			productType = "com.apple.product-type.application";
		};
		D92BB6BF19E4AA8E00F31C22 /* BlackJackRevisionTests */ = {
			isa = PBXNativeTarget;
			buildConfigurationList = D92BB6CD19E4AA8E00F31C22 /* Build configuration list for PBXNativeTarget "BlackJackRevisionTests" */;
			buildPhases = (
				D92BB6BC19E4AA8E00F31C22 /* Sources */,
				D92BB6BD19E4AA8E00F31C22 /* Frameworks */,
				D92BB6BE19E4AA8E00F31C22 /* Resources */,
			);
			buildRules = (
			);
			dependencies = (
				D92BB6C219E4AA8E00F31C22 /* PBXTargetDependency */,
			);
			name = BlackJackRevisionTests;
			productName = BlackJackRevisionTests;
			productReference = D92BB6C019E4AA8E00F31C22 /* BlackJackRevisionTests.xctest */;
			productType = "com.apple.product-type.bundle.unit-test";
		};
/* End PBXNativeTarget section */

/* Begin PBXProject section */
		D92BB6A319E4AA8E00F31C22 /* Project object */ = {
			isa = PBXProject;
			attributes = {
				LastUpgradeCheck = 0600;
				ORGANIZATIONNAME = "Javlon Usmanov";
				TargetAttributes = {
					D92BB6AA19E4AA8E00F31C22 = {
						CreatedOnToolsVersion = 6.0;
						DevelopmentTeam = 6QN349HHUB;
					};
					D92BB6BF19E4AA8E00F31C22 = {
						CreatedOnToolsVersion = 6.0;
						TestTargetID = D92BB6AA19E4AA8E00F31C22;
					};
				};
			};
			buildConfigurationList = D92BB6A619E4AA8E00F31C22 /* Build configuration list for PBXProject "BlackJackRevision" */;
			compatibilityVersion = "Xcode 3.2";
			developmentRegion = English;
			hasScannedForEncodings = 0;
			knownRegions = (
				en,
				Base,
			);
			mainGroup = D92BB6A219E4AA8E00F31C22;
			productRefGroup = D92BB6AC19E4AA8E00F31C22 /* Products */;
			projectDirPath = "";
			projectRoot = "";
			targets = (
				D92BB6AA19E4AA8E00F31C22 /* BlackJackRevision */,
				D92BB6BF19E4AA8E00F31C22 /* BlackJackRevisionTests */,
			);
		};
/* End PBXProject section */

/* Begin PBXResourcesBuildPhase section */
		D92BB6A919E4AA8E00F31C22 /* Resources */ = {
			isa = PBXResourcesBuildPhase;
			buildActionMask = 2147483647;
			files = (
				D97B67C419E4B70B00A9E176 /* s6.png in Resources */,
				D97B67AE19E4B70B00A9E176 /* h1.png in Resources */,
				D97B67B619E4B70B00A9E176 /* h8.png in Resources */,
				D97B67AB19E4B70B00A9E176 /* dk.png in Resources */,
				D97B67BD19E4B70B00A9E176 /* jr.png in Resources */,
				D97B679D19E4B70B00A9E176 /* cj.png in Resources */,
				D97B679F19E4B70B00A9E176 /* cq.png in Resources */,
				D97B67AC19E4B70B00A9E176 /* dq.png in Resources */,
				D97B67A519E4B70B00A9E176 /* d5.png in Resources */,
				D97B67C019E4B70B00A9E176 /* s2.png in Resources */,
				D97B679719E4B70B00A9E176 /* c4.png in Resources */,
				D97B67A719E4B70B00A9E176 /* d7.png in Resources */,
				D97B679E19E4B70B00A9E176 /* ck.png in Resources */,
				D97B678B19E4B70B00A9E176 /* b1pr.png in Resources */,
				D97B67A219E4B70B00A9E176 /* d2.png in Resources */,
				D97B678D19E4B70B00A9E176 /* b2fh.png in Resources */,
				D97B67B119E4B70B00A9E176 /* h3.png in Resources */,
				D97B679019E4B70B00A9E176 /* b2pl.png in Resources */,
				D97B678719E4B70B00A9E176 /* b1fh.png in Resources */,
				D97B678C19E4B70B00A9E176 /* b1pt.png in Resources */,
				D97B67AF19E4B70B00A9E176 /* h10.png in Resources */,
				D97B679419E4B70B00A9E176 /* c10.png in Resources */,
				D97B67B819E4B70B00A9E176 /* hj.png in Resources */,
				D97B67B219E4B70B00A9E176 /* h4.png in Resources */,
				D97B67BB19E4B70B00A9E176 /* index.html in Resources */,
				D97B67AA19E4B70B00A9E176 /* dj.png in Resources */,
				D97B678819E4B70B00A9E176 /* b1fv.png in Resources */,
				D97B678F19E4B70B00A9E176 /* b2pb.png in Resources */,
				D97B67B319E4B70B00A9E176 /* h5.png in Resources */,
				D97B678919E4B70B00A9E176 /* b1pb.png in Resources */,
				D97B679C19E4B70B00A9E176 /* c9.png in Resources */,
				D97B67B719E4B70B00A9E176 /* h9.png in Resources */,
				D97B67BF19E4B70B00A9E176 /* s10.png in Resources */,
				D92BB6B619E4AA8E00F31C22 /* Main.storyboard in Resources */,
				D97B67C319E4B70B00A9E176 /* s5.png in Resources */,
				D97B67A319E4B70B00A9E176 /* d3.png in Resources */,
				D97B67A119E4B70B00A9E176 /* d10.png in Resources */,
				D97B67C519E4B70B00A9E176 /* s7.png in Resources */,
				D97B67B019E4B70B00A9E176 /* h2.png in Resources */,
				D97B67A919E4B70B00A9E176 /* d9.png in Resources */,
				D97B67B519E4B70B00A9E176 /* h7.png in Resources */,
				D97B679119E4B70B00A9E176 /* b2pr.png in Resources */,
				D97B679919E4B70B00A9E176 /* c6.png in Resources */,
				D97B67C819E4B70B00A9E176 /* sj.png in Resources */,
				D97B67CA19E4B70B00A9E176 /* sq.png in Resources */,
				D97B67A019E4B70B00A9E176 /* d1.png in Resources */,
				D97B67C919E4B70B00A9E176 /* sk.png in Resources */,
				D97B67AD19E4B70B00A9E176 /* ec.png in Resources */,
				D97B678A19E4B70B00A9E176 /* b1pl.png in Resources */,
				D97B67C119E4B70B00A9E176 /* s3.png in Resources */,
				D97B679619E4B70B00A9E176 /* c3.png in Resources */,
				D97B67B919E4B70B00A9E176 /* hk.png in Resources */,
				D97B67BC19E4B70B00A9E176 /* jb.png in Resources */,
				D97B679219E4B70B00A9E176 /* b2pt.png in Resources */,
				D97B678E19E4B70B00A9E176 /* b2fv.png in Resources */,
				D97B67C219E4B70B00A9E176 /* s4.png in Resources */,
				D97B67C719E4B70B00A9E176 /* s9.png in Resources */,
				D97B679519E4B70B00A9E176 /* c2.png in Resources */,
				D97B679319E4B70B00A9E176 /* c1.png in Resources */,
				D97B67B419E4B70B00A9E176 /* h6.png in Resources */,
				D92BB6BB19E4AA8E00F31C22 /* LaunchScreen.xib in Resources */,
				D97B67A419E4B70B00A9E176 /* d4.png in Resources */,
				D97B67BE19E4B70B00A9E176 /* s1.png in Resources */,
				D97B67A619E4B70B00A9E176 /* d6.png in Resources */,
				D97B679B19E4B70B00A9E176 /* c8.png in Resources */,
				D97B67BA19E4B70B00A9E176 /* hq.png in Resources */,
				D97B67A819E4B70B00A9E176 /* d8.png in Resources */,
				D97B67C619E4B70B00A9E176 /* s8.png in Resources */,
				D97B679A19E4B70B00A9E176 /* c7.png in Resources */,
				D92BB6B819E4AA8E00F31C22 /* Images.xcassets in Resources */,
				D97B679819E4B70B00A9E176 /* c5.png in Resources */,
			);
			runOnlyForDeploymentPostprocessing = 0;
		};
		D92BB6BE19E4AA8E00F31C22 /* Resources */ = {
			isa = PBXResourcesBuildPhase;
			buildActionMask = 2147483647;
			files = (
			);
			runOnlyForDeploymentPostprocessing = 0;
		};
/* End PBXResourcesBuildPhase section */

/* Begin PBXSourcesBuildPhase section */
		D92BB6A719E4AA8E00F31C22 /* Sources */ = {
			isa = PBXSourcesBuildPhase;
			buildActionMask = 2147483647;
			files = (
				D92BB6D319E4AB3E00F31C22 /* Deck.swift in Sources */,
				D9309EE31A0053AE006CED6F /* Game.swift in Sources */,
				D92BB6D919E4AB8900F31C22 /* Card.swift in Sources */,
				D92BB6D119E4AB2F00F31C22 /* Shoe.swift in Sources */,
				D92BB6B319E4AA8E00F31C22 /* ViewController.swift in Sources */,
				D92BB6DB19E4ABCA00F31C22 /* Person.swift in Sources */,
				D92BB6DD19E4ABD500F31C22 /* Player.swift in Sources */,
				D92BB6DF19E4ABE200F31C22 /* Dealer.swift in Sources */,
				D92BB6B119E4AA8E00F31C22 /* AppDelegate.swift in Sources */,
			);
			runOnlyForDeploymentPostprocessing = 0;
		};
		D92BB6BC19E4AA8E00F31C22 /* Sources */ = {
			isa = PBXSourcesBuildPhase;
			buildActionMask = 2147483647;
			files = (
				D92BB6C719E4AA8E00F31C22 /* BlackJackRevisionTests.swift in Sources */,
			);
			runOnlyForDeploymentPostprocessing = 0;
		};
/* End PBXSourcesBuildPhase section */

/* Begin PBXTargetDependency section */
		D92BB6C219E4AA8E00F31C22 /* PBXTargetDependency */ = {
			isa = PBXTargetDependency;
			target = D92BB6AA19E4AA8E00F31C22 /* BlackJackRevision */;
			targetProxy = D92BB6C119E4AA8E00F31C22 /* PBXContainerItemProxy */;
		};
/* End PBXTargetDependency section */

/* Begin PBXVariantGroup section */
		D92BB6B419E4AA8E00F31C22 /* Main.storyboard */ = {
			isa = PBXVariantGroup;
			children = (
				D92BB6B519E4AA8E00F31C22 /* Base */,
			);
			name = Main.storyboard;
			sourceTree = "<group>";
		};
		D92BB6B919E4AA8E00F31C22 /* LaunchScreen.xib */ = {
			isa = PBXVariantGroup;
			children = (
				D92BB6BA19E4AA8E00F31C22 /* Base */,
			);
			name = LaunchScreen.xib;
			sourceTree = "<group>";
		};
/* End PBXVariantGroup section */

/* Begin XCBuildConfiguration section */
		D92BB6C819E4AA8E00F31C22 /* Debug */ = {
			isa = XCBuildConfiguration;
			buildSettings = {
				ALWAYS_SEARCH_USER_PATHS = NO;
				CLANG_CXX_LANGUAGE_STANDARD = "gnu++0x";
				CLANG_CXX_LIBRARY = "libc++";
				CLANG_ENABLE_MODULES = YES;
				CLANG_ENABLE_OBJC_ARC = YES;
				CLANG_WARN_BOOL_CONVERSION = YES;
				CLANG_WARN_CONSTANT_CONVERSION = YES;
				CLANG_WARN_DIRECT_OBJC_ISA_USAGE = YES_ERROR;
				CLANG_WARN_EMPTY_BODY = YES;
				CLANG_WARN_ENUM_CONVERSION = YES;
				CLANG_WARN_INT_CONVERSION = YES;
				CLANG_WARN_OBJC_ROOT_CLASS = YES_ERROR;
				CLANG_WARN_UNREACHABLE_CODE = YES;
				CLANG_WARN__DUPLICATE_METHOD_MATCH = YES;
				"CODE_SIGN_IDENTITY[sdk=iphoneos*]" = "iPhone Developer";
				COPY_PHASE_STRIP = NO;
				ENABLE_STRICT_OBJC_MSGSEND = YES;
				GCC_C_LANGUAGE_STANDARD = gnu99;
				GCC_DYNAMIC_NO_PIC = NO;
				GCC_OPTIMIZATION_LEVEL = 0;
				GCC_PREPROCESSOR_DEFINITIONS = (
					"DEBUG=1",
					"$(inherited)",
				);
				GCC_SYMBOLS_PRIVATE_EXTERN = NO;
				GCC_WARN_64_TO_32_BIT_CONVERSION = YES;
				GCC_WARN_ABOUT_RETURN_TYPE = YES_ERROR;
				GCC_WARN_UNDECLARED_SELECTOR = YES;
				GCC_WARN_UNINITIALIZED_AUTOS = YES_AGGRESSIVE;
				GCC_WARN_UNUSED_FUNCTION = YES;
				GCC_WARN_UNUSED_VARIABLE = YES;
				IPHONEOS_DEPLOYMENT_TARGET = 8.0;
				MTL_ENABLE_DEBUG_INFO = YES;
				ONLY_ACTIVE_ARCH = YES;
				SDKROOT = iphoneos;
				SWIFT_OPTIMIZATION_LEVEL = "-Onone";
			};
			name = Debug;
		};
		D92BB6C919E4AA8E00F31C22 /* Release */ = {
			isa = XCBuildConfiguration;
			buildSettings = {
				ALWAYS_SEARCH_USER_PATHS = NO;
				CLANG_CXX_LANGUAGE_STANDARD = "gnu++0x";
				CLANG_CXX_LIBRARY = "libc++";
				CLANG_ENABLE_MODULES = YES;
				CLANG_ENABLE_OBJC_ARC = YES;
				CLANG_WARN_BOOL_CONVERSION = YES;
				CLANG_WARN_CONSTANT_CONVERSION = YES;
				CLANG_WARN_DIRECT_OBJC_ISA_USAGE = YES_ERROR;
				CLANG_WARN_EMPTY_BODY = YES;
				CLANG_WARN_ENUM_CONVERSION = YES;
				CLANG_WARN_INT_CONVERSION = YES;
				CLANG_WARN_OBJC_ROOT_CLASS = YES_ERROR;
				CLANG_WARN_UNREACHABLE_CODE = YES;
				CLANG_WARN__DUPLICATE_METHOD_MATCH = YES;
				"CODE_SIGN_IDENTITY[sdk=iphoneos*]" = "iPhone Developer";
				COPY_PHASE_STRIP = YES;
				ENABLE_NS_ASSERTIONS = NO;
				ENABLE_STRICT_OBJC_MSGSEND = YES;
				GCC_C_LANGUAGE_STANDARD = gnu99;
				GCC_WARN_64_TO_32_BIT_CONVERSION = YES;
				GCC_WARN_ABOUT_RETURN_TYPE = YES_ERROR;
				GCC_WARN_UNDECLARED_SELECTOR = YES;
				GCC_WARN_UNINITIALIZED_AUTOS = YES_AGGRESSIVE;
				GCC_WARN_UNUSED_FUNCTION = YES;
				GCC_WARN_UNUSED_VARIABLE = YES;
				IPHONEOS_DEPLOYMENT_TARGET = 8.0;
				MTL_ENABLE_DEBUG_INFO = NO;
				SDKROOT = iphoneos;
				VALIDATE_PRODUCT = YES;
			};
			name = Release;
		};
		D92BB6CB19E4AA8E00F31C22 /* Debug */ = {
			isa = XCBuildConfiguration;
			buildSettings = {
				ASSETCATALOG_COMPILER_APPICON_NAME = AppIcon;
				CODE_SIGN_IDENTITY = "iPhone Developer";
				INFOPLIST_FILE = BlackJackRevision/Info.plist;
				LD_RUNPATH_SEARCH_PATHS = "$(inherited) @executable_path/Frameworks";
				PRODUCT_NAME = "$(TARGET_NAME)";
				TARGETED_DEVICE_FAMILY = 1;
			};
			name = Debug;
		};
		D92BB6CC19E4AA8E00F31C22 /* Release */ = {
			isa = XCBuildConfiguration;
			buildSettings = {
				ASSETCATALOG_COMPILER_APPICON_NAME = AppIcon;
				CODE_SIGN_IDENTITY = "iPhone Developer";
				INFOPLIST_FILE = BlackJackRevision/Info.plist;
				LD_RUNPATH_SEARCH_PATHS = "$(inherited) @executable_path/Frameworks";
				PRODUCT_NAME = "$(TARGET_NAME)";
				TARGETED_DEVICE_FAMILY = 1;
			};
			name = Release;
		};
		D92BB6CE19E4AA8E00F31C22 /* Debug */ = {
			isa = XCBuildConfiguration;
			buildSettings = {
				BUNDLE_LOADER = "$(TEST_HOST)";
				FRAMEWORK_SEARCH_PATHS = (
					"$(SDKROOT)/Developer/Library/Frameworks",
					"$(inherited)",
				);
				GCC_PREPROCESSOR_DEFINITIONS = (
					"DEBUG=1",
					"$(inherited)",
				);
				INFOPLIST_FILE = BlackJackRevisionTests/Info.plist;
				LD_RUNPATH_SEARCH_PATHS = "$(inherited) @executable_path/Frameworks @loader_path/Frameworks";
				PRODUCT_NAME = "$(TARGET_NAME)";
				TEST_HOST = "$(BUILT_PRODUCTS_DIR)/BlackJackRevision.app/BlackJackRevision";
			};
			name = Debug;
		};
		D92BB6CF19E4AA8E00F31C22 /* Release */ = {
			isa = XCBuildConfiguration;
			buildSettings = {
				BUNDLE_LOADER = "$(TEST_HOST)";
				FRAMEWORK_SEARCH_PATHS = (
					"$(SDKROOT)/Developer/Library/Frameworks",
					"$(inherited)",
				);
				INFOPLIST_FILE = BlackJackRevisionTests/Info.plist;
				LD_RUNPATH_SEARCH_PATHS = "$(inherited) @executable_path/Frameworks @loader_path/Frameworks";
				PRODUCT_NAME = "$(TARGET_NAME)";
				TEST_HOST = "$(BUILT_PRODUCTS_DIR)/BlackJackRevision.app/BlackJackRevision";
			};
			name = Release;
		};
/* End XCBuildConfiguration section */

/* Begin XCConfigurationList section */
		D92BB6A619E4AA8E00F31C22 /* Build configuration list for PBXProject "BlackJackRevision" */ = {
			isa = XCConfigurationList;
			buildConfigurations = (
				D92BB6C819E4AA8E00F31C22 /* Debug */,
				D92BB6C919E4AA8E00F31C22 /* Release */,
			);
			defaultConfigurationIsVisible = 0;
			defaultConfigurationName = Release;
		};
		D92BB6CA19E4AA8E00F31C22 /* Build configuration list for PBXNativeTarget "BlackJackRevision" */ = {
			isa = XCConfigurationList;
			buildConfigurations = (
				D92BB6CB19E4AA8E00F31C22 /* Debug */,
				D92BB6CC19E4AA8E00F31C22 /* Release */,
			);
			defaultConfigurationIsVisible = 0;
			defaultConfigurationName = Release;
		};
		D92BB6CD19E4AA8E00F31C22 /* Build configuration list for PBXNativeTarget "BlackJackRevisionTests" */ = {
			isa = XCConfigurationList;
			buildConfigurations = (
				D92BB6CE19E4AA8E00F31C22 /* Debug */,
				D92BB6CF19E4AA8E00F31C22 /* Release */,
			);
			defaultConfigurationIsVisible = 0;
			defaultConfigurationName = Release;
		};
/* End XCConfigurationList section */
	};
	rootObject = D92BB6A319E4AA8E00F31C22 /* Project object */;
}
